// !$*UTF8*$!
{
	archiveVersion = 1;
	classes = {
	};
	objectVersion = 50;
	objects = {

/* Begin PBXBuildFile section */
		A217E5762522FF1E003F03E1 /* Datas.swift in Sources */ = {isa = PBXBuildFile; fileRef = A217E5752522FF1E003F03E1 /* Datas.swift */; };
		A249C5F22521FE40003EAA80 /* AppDelegate.swift in Sources */ = {isa = PBXBuildFile; fileRef = A249C5F12521FE40003EAA80 /* AppDelegate.swift */; };
		A249C5F42521FE41003EAA80 /* SceneDelegate.swift in Sources */ = {isa = PBXBuildFile; fileRef = A249C5F32521FE41003EAA80 /* SceneDelegate.swift */; };
		A249C5F92521FE41003EAA80 /* Main.storyboard in Resources */ = {isa = PBXBuildFile; fileRef = A249C5F72521FE41003EAA80 /* Main.storyboard */; };
		A249C5FB2521FE43003EAA80 /* Assets.xcassets in Resources */ = {isa = PBXBuildFile; fileRef = A249C5FA2521FE43003EAA80 /* Assets.xcassets */; };
		A249C5FE2521FE43003EAA80 /* LaunchScreen.storyboard in Resources */ = {isa = PBXBuildFile; fileRef = A249C5FC2521FE43003EAA80 /* LaunchScreen.storyboard */; };
		A249C60A2522003E003EAA80 /* Animal.swift in Sources */ = {isa = PBXBuildFile; fileRef = A249C6092522003E003EAA80 /* Animal.swift */; };
		A249C60D25220067003EAA80 /* Protection.swift in Sources */ = {isa = PBXBuildFile; fileRef = A249C60C25220067003EAA80 /* Protection.swift */; };
		A249C61025220097003EAA80 /* AnimalCategory.swift in Sources */ = {isa = PBXBuildFile; fileRef = A249C60F25220097003EAA80 /* AnimalCategory.swift */; };
		A291889F252308CB001CAD88 /* AnimalCollectionViewCell.swift in Sources */ = {isa = PBXBuildFile; fileRef = A291889E252308CB001CAD88 /* AnimalCollectionViewCell.swift */; };
		A2B5D0ED2523209A0066D2D2 /* HeaderCollectionReusableView.swift in Sources */ = {isa = PBXBuildFile; fileRef = A2B5D0EC2523209A0066D2D2 /* HeaderCollectionReusableView.swift */; };
		A2DD6B84252452B500D91516 /* DetailAnimalViewController.swift in Sources */ = {isa = PBXBuildFile; fileRef = A2DD6B83252452B500D91516 /* DetailAnimalViewController.swift */; };
		A2FBDF1025224B9F0033326E /* AnimalsCollectionViewController.swift in Sources */ = {isa = PBXBuildFile; fileRef = A2FBDF0F25224B9F0033326E /* AnimalsCollectionViewController.swift */; };
/* End PBXBuildFile section */

/* Begin PBXFileReference section */
		A217E5752522FF1E003F03E1 /* Datas.swift */ = {isa = PBXFileReference; lastKnownFileType = sourcecode.swift; path = Datas.swift; sourceTree = "<group>"; };
		A249C5EE2521FE40003EAA80 /* ZooLand.app */ = {isa = PBXFileReference; explicitFileType = wrapper.application; includeInIndex = 0; path = ZooLand.app; sourceTree = BUILT_PRODUCTS_DIR; };
		A249C5F12521FE40003EAA80 /* AppDelegate.swift */ = {isa = PBXFileReference; lastKnownFileType = sourcecode.swift; path = AppDelegate.swift; sourceTree = "<group>"; };
		A249C5F32521FE41003EAA80 /* SceneDelegate.swift */ = {isa = PBXFileReference; lastKnownFileType = sourcecode.swift; path = SceneDelegate.swift; sourceTree = "<group>"; };
		A249C5F82521FE41003EAA80 /* Base */ = {isa = PBXFileReference; lastKnownFileType = file.storyboard; name = Base; path = Base.lproj/Main.storyboard; sourceTree = "<group>"; };
		A249C5FA2521FE43003EAA80 /* Assets.xcassets */ = {isa = PBXFileReference; lastKnownFileType = folder.assetcatalog; path = Assets.xcassets; sourceTree = "<group>"; };
		A249C5FD2521FE43003EAA80 /* Base */ = {isa = PBXFileReference; lastKnownFileType = file.storyboard; name = Base; path = Base.lproj/LaunchScreen.storyboard; sourceTree = "<group>"; };
		A249C5FF2521FE43003EAA80 /* Info.plist */ = {isa = PBXFileReference; lastKnownFileType = text.plist.xml; path = Info.plist; sourceTree = "<group>"; };
		A249C6092522003E003EAA80 /* Animal.swift */ = {isa = PBXFileReference; lastKnownFileType = sourcecode.swift; path = Animal.swift; sourceTree = "<group>"; };
		A249C60C25220067003EAA80 /* Protection.swift */ = {isa = PBXFileReference; lastKnownFileType = sourcecode.swift; path = Protection.swift; sourceTree = "<group>"; };
		A249C60F25220097003EAA80 /* AnimalCategory.swift */ = {isa = PBXFileReference; lastKnownFileType = sourcecode.swift; path = AnimalCategory.swift; sourceTree = "<group>"; };
		A291889E252308CB001CAD88 /* AnimalCollectionViewCell.swift */ = {isa = PBXFileReference; lastKnownFileType = sourcecode.swift; path = AnimalCollectionViewCell.swift; sourceTree = "<group>"; };
		A2B5D0EC2523209A0066D2D2 /* HeaderCollectionReusableView.swift */ = {isa = PBXFileReference; lastKnownFileType = sourcecode.swift; path = HeaderCollectionReusableView.swift; sourceTree = "<group>"; };
		A2DD6B83252452B500D91516 /* DetailAnimalViewController.swift */ = {isa = PBXFileReference; lastKnownFileType = sourcecode.swift; path = DetailAnimalViewController.swift; sourceTree = "<group>"; };
		A2FBDF0F25224B9F0033326E /* AnimalsCollectionViewController.swift */ = {isa = PBXFileReference; lastKnownFileType = sourcecode.swift; path = AnimalsCollectionViewController.swift; sourceTree = "<group>"; };
/* End PBXFileReference section */

/* Begin PBXFrameworksBuildPhase section */
		A249C5EB2521FE40003EAA80 /* Frameworks */ = {
			isa = PBXFrameworksBuildPhase;
			buildActionMask = 2147483647;
			files = (
			);
			runOnlyForDeploymentPostprocessing = 0;
		};
/* End PBXFrameworksBuildPhase section */

/* Begin PBXGroup section */
		A249C5E52521FE40003EAA80 = {
			isa = PBXGroup;
			children = (
				A249C5F02521FE40003EAA80 /* ZooLand */,
				A249C5EF2521FE40003EAA80 /* Products */,
			);
			sourceTree = "<group>";
		};
		A249C5EF2521FE40003EAA80 /* Products */ = {
			isa = PBXGroup;
			children = (
				A249C5EE2521FE40003EAA80 /* ZooLand.app */,
			);
			name = Products;
			sourceTree = "<group>";
		};
		A249C5F02521FE40003EAA80 /* ZooLand */ = {
			isa = PBXGroup;
			children = (
				A249C612252200B1003EAA80 /* Model */,
				A249C613252200BD003EAA80 /* View */,
				A249C614252200CA003EAA80 /* Controller */,
				A249C5F12521FE40003EAA80 /* AppDelegate.swift */,
				A249C5F32521FE41003EAA80 /* SceneDelegate.swift */,
				A249C5F72521FE41003EAA80 /* Main.storyboard */,
				A249C5FA2521FE43003EAA80 /* Assets.xcassets */,
				A249C5FC2521FE43003EAA80 /* LaunchScreen.storyboard */,
				A249C5FF2521FE43003EAA80 /* Info.plist */,
			);
			path = ZooLand;
			sourceTree = "<group>";
		};
		A249C612252200B1003EAA80 /* Model */ = {
			isa = PBXGroup;
			children = (
				A249C6092522003E003EAA80 /* Animal.swift */,
				A249C60C25220067003EAA80 /* Protection.swift */,
				A249C60F25220097003EAA80 /* AnimalCategory.swift */,
				A217E5752522FF1E003F03E1 /* Datas.swift */,
			);
			path = Model;
			sourceTree = "<group>";
		};
		A249C613252200BD003EAA80 /* View */ = {
			isa = PBXGroup;
			children = (
				A291889E252308CB001CAD88 /* AnimalCollectionViewCell.swift */,
				A2B5D0EC2523209A0066D2D2 /* HeaderCollectionReusableView.swift */,
			);
			path = View;
			sourceTree = "<group>";
		};
		A249C614252200CA003EAA80 /* Controller */ = {
			isa = PBXGroup;
			children = (
				A2FBDF0F25224B9F0033326E /* AnimalsCollectionViewController.swift */,
				A2DD6B83252452B500D91516 /* DetailAnimalViewController.swift */,
			);
			path = Controller;
			sourceTree = "<group>";
		};
/* End PBXGroup section */

/* Begin PBXNativeTarget section */
		A249C5ED2521FE40003EAA80 /* ZooLand */ = {
			isa = PBXNativeTarget;
			buildConfigurationList = A249C6022521FE43003EAA80 /* Build configuration list for PBXNativeTarget "ZooLand" */;
			buildPhases = (
				A249C5EA2521FE40003EAA80 /* Sources */,
				A249C5EB2521FE40003EAA80 /* Frameworks */,
				A249C5EC2521FE40003EAA80 /* Resources */,
			);
			buildRules = (
			);
			dependencies = (
			);
			name = ZooLand;
			productName = ZooLand;
			productReference = A249C5EE2521FE40003EAA80 /* ZooLand.app */;
			productType = "com.apple.product-type.application";
		};
/* End PBXNativeTarget section */

/* Begin PBXProject section */
		A249C5E62521FE40003EAA80 /* Project object */ = {
			isa = PBXProject;
			attributes = {
				LastSwiftUpdateCheck = 1200;
				LastUpgradeCheck = 1200;
				TargetAttributes = {
					A249C5ED2521FE40003EAA80 = {
						CreatedOnToolsVersion = 12.0.1;
					};
				};
			};
			buildConfigurationList = A249C5E92521FE40003EAA80 /* Build configuration list for PBXProject "ZooLand" */;
			compatibilityVersion = "Xcode 9.3";
			developmentRegion = en;
			hasScannedForEncodings = 0;
			knownRegions = (
				en,
				Base,
			);
			mainGroup = A249C5E52521FE40003EAA80;
			productRefGroup = A249C5EF2521FE40003EAA80 /* Products */;
			projectDirPath = "";
			projectRoot = "";
			targets = (
				A249C5ED2521FE40003EAA80 /* ZooLand */,
			);
		};
/* End PBXProject section */

/* Begin PBXResourcesBuildPhase section */
		A249C5EC2521FE40003EAA80 /* Resources */ = {
			isa = PBXResourcesBuildPhase;
			buildActionMask = 2147483647;
			files = (
				A249C5FE2521FE43003EAA80 /* LaunchScreen.storyboard in Resources */,
				A249C5FB2521FE43003EAA80 /* Assets.xcassets in Resources */,
				A249C5F92521FE41003EAA80 /* Main.storyboard in Resources */,
			);
			runOnlyForDeploymentPostprocessing = 0;
		};
/* End PBXResourcesBuildPhase section */

/* Begin PBXSourcesBuildPhase section */
		A249C5EA2521FE40003EAA80 /* Sources */ = {
			isa = PBXSourcesBuildPhase;
			buildActionMask = 2147483647;
			files = (
				A2DD6B84252452B500D91516 /* DetailAnimalViewController.swift in Sources */,
				A249C60D25220067003EAA80 /* Protection.swift in Sources */,
				A2B5D0ED2523209A0066D2D2 /* HeaderCollectionReusableView.swift in Sources */,
				A217E5762522FF1E003F03E1 /* Datas.swift in Sources */,
				A291889F252308CB001CAD88 /* AnimalCollectionViewCell.swift in Sources */,
				A249C5F22521FE40003EAA80 /* AppDelegate.swift in Sources */,
				A249C5F42521FE41003EAA80 /* SceneDelegate.swift in Sources */,
				A249C60A2522003E003EAA80 /* Animal.swift in Sources */,
				A249C61025220097003EAA80 /* AnimalCategory.swift in Sources */,
				A2FBDF1025224B9F0033326E /* AnimalsCollectionViewController.swift in Sources */,
			);
			runOnlyForDeploymentPostprocessing = 0;
		};
/* End PBXSourcesBuildPhase section */

/* Begin PBXVariantGroup section */
		A249C5F72521FE41003EAA80 /* Main.storyboard */ = {
			isa = PBXVariantGroup;
			children = (
				A249C5F82521FE41003EAA80 /* Base */,
			);
			name = Main.storyboard;
			sourceTree = "<group>";
		};
		A249C5FC2521FE43003EAA80 /* LaunchScreen.storyboard */ = {
			isa = PBXVariantGroup;
			children = (
				A249C5FD2521FE43003EAA80 /* Base */,
			);
			name = LaunchScreen.storyboard;
			sourceTree = "<group>";
		};
/* End PBXVariantGroup section */

/* Begin XCBuildConfiguration section */
		A249C6002521FE43003EAA80 /* Debug */ = {
			isa = XCBuildConfiguration;
			buildSettings = {
				ALWAYS_SEARCH_USER_PATHS = NO;
				CLANG_ANALYZER_NONNULL = YES;
				CLANG_ANALYZER_NUMBER_OBJECT_CONVERSION = YES_AGGRESSIVE;
				CLANG_CXX_LANGUAGE_STANDARD = "gnu++14";
				CLANG_CXX_LIBRARY = "libc++";
				CLANG_ENABLE_MODULES = YES;
				CLANG_ENABLE_OBJC_ARC = YES;
				CLANG_ENABLE_OBJC_WEAK = YES;
				CLANG_WARN_BLOCK_CAPTURE_AUTORELEASING = YES;
				CLANG_WARN_BOOL_CONVERSION = YES;
				CLANG_WARN_COMMA = YES;
				CLANG_WARN_CONSTANT_CONVERSION = YES;
				CLANG_WARN_DEPRECATED_OBJC_IMPLEMENTATIONS = YES;
				CLANG_WARN_DIRECT_OBJC_ISA_USAGE = YES_ERROR;
				CLANG_WARN_DOCUMENTATION_COMMENTS = YES;
				CLANG_WARN_EMPTY_BODY = YES;
				CLANG_WARN_ENUM_CONVERSION = YES;
				CLANG_WARN_INFINITE_RECURSION = YES;
				CLANG_WARN_INT_CONVERSION = YES;
				CLANG_WARN_NON_LITERAL_NULL_CONVERSION = YES;
				CLANG_WARN_OBJC_IMPLICIT_RETAIN_SELF = YES;
				CLANG_WARN_OBJC_LITERAL_CONVERSION = YES;
				CLANG_WARN_OBJC_ROOT_CLASS = YES_ERROR;
				CLANG_WARN_QUOTED_INCLUDE_IN_FRAMEWORK_HEADER = YES;
				CLANG_WARN_RANGE_LOOP_ANALYSIS = YES;
				CLANG_WARN_STRICT_PROTOTYPES = YES;
				CLANG_WARN_SUSPICIOUS_MOVE = YES;
				CLANG_WARN_UNGUARDED_AVAILABILITY = YES_AGGRESSIVE;
				CLANG_WARN_UNREACHABLE_CODE = YES;
				CLANG_WARN__DUPLICATE_METHOD_MATCH = YES;
				COPY_PHASE_STRIP = NO;
				DEBUG_INFORMATION_FORMAT = dwarf;
				ENABLE_STRICT_OBJC_MSGSEND = YES;
				ENABLE_TESTABILITY = YES;
				GCC_C_LANGUAGE_STANDARD = gnu11;
				GCC_DYNAMIC_NO_PIC = NO;
				GCC_NO_COMMON_BLOCKS = YES;
				GCC_OPTIMIZATION_LEVEL = 0;
				GCC_PREPROCESSOR_DEFINITIONS = (
					"DEBUG=1",
					"$(inherited)",
				);
				GCC_WARN_64_TO_32_BIT_CONVERSION = YES;
				GCC_WARN_ABOUT_RETURN_TYPE = YES_ERROR;
				GCC_WARN_UNDECLARED_SELECTOR = YES;
				GCC_WARN_UNINITIALIZED_AUTOS = YES_AGGRESSIVE;
				GCC_WARN_UNUSED_FUNCTION = YES;
				GCC_WARN_UNUSED_VARIABLE = YES;
				IPHONEOS_DEPLOYMENT_TARGET = 14.0;
				MTL_ENABLE_DEBUG_INFO = INCLUDE_SOURCE;
				MTL_FAST_MATH = YES;
				ONLY_ACTIVE_ARCH = YES;
				SDKROOT = iphoneos;
				SWIFT_ACTIVE_COMPILATION_CONDITIONS = DEBUG;
				SWIFT_OPTIMIZATION_LEVEL = "-Onone";
			};
			name = Debug;
		};
		A249C6012521FE43003EAA80 /* Release */ = {
			isa = XCBuildConfiguration;
			buildSettings = {
				ALWAYS_SEARCH_USER_PATHS = NO;
				CLANG_ANALYZER_NONNULL = YES;
				CLANG_ANALYZER_NUMBER_OBJECT_CONVERSION = YES_AGGRESSIVE;
				CLANG_CXX_LANGUAGE_STANDARD = "gnu++14";
				CLANG_CXX_LIBRARY = "libc++";
				CLANG_ENABLE_MODULES = YES;
				CLANG_ENABLE_OBJC_ARC = YES;
				CLANG_ENABLE_OBJC_WEAK = YES;
				CLANG_WARN_BLOCK_CAPTURE_AUTORELEASING = YES;
				CLANG_WARN_BOOL_CONVERSION = YES;
				CLANG_WARN_COMMA = YES;
				CLANG_WARN_CONSTANT_CONVERSION = YES;
				CLANG_WARN_DEPRECATED_OBJC_IMPLEMENTATIONS = YES;
				CLANG_WARN_DIRECT_OBJC_ISA_USAGE = YES_ERROR;
				CLANG_WARN_DOCUMENTATION_COMMENTS = YES;
				CLANG_WARN_EMPTY_BODY = YES;
				CLANG_WARN_ENUM_CONVERSION = YES;
				CLANG_WARN_INFINITE_RECURSION = YES;
				CLANG_WARN_INT_CONVERSION = YES;
				CLANG_WARN_NON_LITERAL_NULL_CONVERSION = YES;
				CLANG_WARN_OBJC_IMPLICIT_RETAIN_SELF = YES;
				CLANG_WARN_OBJC_LITERAL_CONVERSION = YES;
				CLANG_WARN_OBJC_ROOT_CLASS = YES_ERROR;
				CLANG_WARN_QUOTED_INCLUDE_IN_FRAMEWORK_HEADER = YES;
				CLANG_WARN_RANGE_LOOP_ANALYSIS = YES;
				CLANG_WARN_STRICT_PROTOTYPES = YES;
				CLANG_WARN_SUSPICIOUS_MOVE = YES;
				CLANG_WARN_UNGUARDED_AVAILABILITY = YES_AGGRESSIVE;
				CLANG_WARN_UNREACHABLE_CODE = YES;
				CLANG_WARN__DUPLICATE_METHOD_MATCH = YES;
				COPY_PHASE_STRIP = NO;
				DEBUG_INFORMATION_FORMAT = "dwarf-with-dsym";
				ENABLE_NS_ASSERTIONS = NO;
				ENABLE_STRICT_OBJC_MSGSEND = YES;
				GCC_C_LANGUAGE_STANDARD = gnu11;
				GCC_NO_COMMON_BLOCKS = YES;
				GCC_WARN_64_TO_32_BIT_CONVERSION = YES;
				GCC_WARN_ABOUT_RETURN_TYPE = YES_ERROR;
				GCC_WARN_UNDECLARED_SELECTOR = YES;
				GCC_WARN_UNINITIALIZED_AUTOS = YES_AGGRESSIVE;
				GCC_WARN_UNUSED_FUNCTION = YES;
				GCC_WARN_UNUSED_VARIABLE = YES;
				IPHONEOS_DEPLOYMENT_TARGET = 14.0;
				MTL_ENABLE_DEBUG_INFO = NO;
				MTL_FAST_MATH = YES;
				SDKROOT = iphoneos;
				SWIFT_COMPILATION_MODE = wholemodule;
				SWIFT_OPTIMIZATION_LEVEL = "-O";
				VALIDATE_PRODUCT = YES;
			};
			name = Release;
		};
		A249C6032521FE43003EAA80 /* Debug */ = {
			isa = XCBuildConfiguration;
			buildSettings = {
				ASSETCATALOG_COMPILER_APPICON_NAME = AppIcon;
				ASSETCATALOG_COMPILER_GLOBAL_ACCENT_COLOR_NAME = AccentColor;
				CODE_SIGN_STYLE = Automatic;
				DEVELOPMENT_TEAM = 3DZAHM87N2;
				INFOPLIST_FILE = ZooLand/Info.plist;
				LD_RUNPATH_SEARCH_PATHS = (
					"$(inherited)",
					"@executable_path/Frameworks",
				);
				PRODUCT_BUNDLE_IDENTIFIER = net.roddata.ZooLand;
				PRODUCT_NAME = "$(TARGET_NAME)";
				SWIFT_VERSION = 5.0;
				TARGETED_DEVICE_FAMILY = "1,2";
			};
			name = Debug;
		};
		A249C6042521FE43003EAA80 /* Release */ = {
			isa = XCBuildConfiguration;
			buildSettings = {
				ASSETCATALOG_COMPILER_APPICON_NAME = AppIcon;
				ASSETCATALOG_COMPILER_GLOBAL_ACCENT_COLOR_NAME = AccentColor;
				CODE_SIGN_STYLE = Automatic;
				DEVELOPMENT_TEAM = 3DZAHM87N2;
				INFOPLIST_FILE = ZooLand/Info.plist;
				LD_RUNPATH_SEARCH_PATHS = (
					"$(inherited)",
					"@executable_path/Frameworks",
				);
				PRODUCT_BUNDLE_IDENTIFIER = net.roddata.ZooLand;
				PRODUCT_NAME = "$(TARGET_NAME)";
				SWIFT_VERSION = 5.0;
				TARGETED_DEVICE_FAMILY = "1,2";
			};
			name = Release;
		};
/* End XCBuildConfiguration section */

/* Begin XCConfigurationList section */
		A249C5E92521FE40003EAA80 /* Build configuration list for PBXProject "ZooLand" */ = {
			isa = XCConfigurationList;
			buildConfigurations = (
				A249C6002521FE43003EAA80 /* Debug */,
				A249C6012521FE43003EAA80 /* Release */,
			);
			defaultConfigurationIsVisible = 0;
			defaultConfigurationName = Release;
		};
		A249C6022521FE43003EAA80 /* Build configuration list for PBXNativeTarget "ZooLand" */ = {
			isa = XCConfigurationList;
			buildConfigurations = (
				A249C6032521FE43003EAA80 /* Debug */,
				A249C6042521FE43003EAA80 /* Release */,
			);
			defaultConfigurationIsVisible = 0;
			defaultConfigurationName = Release;
		};
/* End XCConfigurationList section */
	};
	rootObject = A249C5E62521FE40003EAA80 /* Project object */;
}
